
Microsoft Visual Studio Solution File, Format Version 12.00
# Visual Studio Version 17
VisualStudioVersion = 17.5.002.0
MinimumVisualStudioVersion = 10.0.40219.1
Project("{9A19103F-16F7-4668-BE54-9A1E7A4F7556}") = "aula1", "aula1.csproj", "{16B880C9-09B8-4FC4-904C-CEB0FC042882}"
EndProject
Project("{9A19103F-16F7-4668-BE54-9A1E7A4F7556}") = "aulanum", "aulanum.csproj", "{CD0B1B62-9181-48B9-B18A-E3EF01E9C9B3}"
EndProject
Global
	GlobalSection(SolutionConfigurationPlatforms) = preSolution
		Debug|Any CPU = Debug|Any CPU
		Release|Any CPU = Release|Any CPU
	EndGlobalSection
	GlobalSection(ProjectConfigurationPlatforms) = postSolution
		{16B880C9-09B8-4FC4-904C-CEB0FC042882}.Debug|Any CPU.ActiveCfg = Debug|Any CPU
		{16B880C9-09B8-4FC4-904C-CEB0FC042882}.Debug|Any CPU.Build.0 = Debug|Any CPU
		{16B880C9-09B8-4FC4-904C-CEB0FC042882}.Release|Any CPU.ActiveCfg = Release|Any CPU
		{16B880C9-09B8-4FC4-904C-CEB0FC042882}.Release|Any CPU.Build.0 = Release|Any CPU
		{CD0B1B62-9181-48B9-B18A-E3EF01E9C9B3}.Debug|Any CPU.ActiveCfg = Debug|Any CPU
		{CD0B1B62-9181-48B9-B18A-E3EF01E9C9B3}.Debug|Any CPU.Build.0 = Debug|Any CPU
		{CD0B1B62-9181-48B9-B18A-E3EF01E9C9B3}.Release|Any CPU.ActiveCfg = Release|Any CPU
		{CD0B1B62-9181-48B9-B18A-E3EF01E9C9B3}.Release|Any CPU.Build.0 = Release|Any CPU
	EndGlobalSection
	GlobalSection(SolutionProperties) = preSolution
		HideSolutionNode = FALSE
	EndGlobalSection
	GlobalSection(ExtensibilityGlobals) = postSolution
		SolutionGuid = {F7692025-22BC-4DEE-B2E0-469FB91A1D90}
	EndGlobalSection
EndGlobal
